PODS:
  - Flutter (1.0.0)
  - vpn_detector (0.0.1):
    - Flutter

DEPENDENCIES:
  - Flutter (from `Flutter`)
  - vpn_detector (from `.symlinks/plugins/vpn_detector/ios`)

EXTERNAL SOURCES:
  Flutter:
    :path: Flutter
  vpn_detector:
    :path: ".symlinks/plugins/vpn_detector/ios"

SPEC CHECKSUMS:
  Flutter: 50d75fe2f02b26cc09d224853bb45737f8b3214a
  vpn_detector: 8bf278b5915ad256b9693ff8711eac93f8651fce

PODFILE CHECKSUM: aafe91acc616949ddb318b77800a7f51bffa2a4c

COCOAPODS: 1.11.3
