PODS:
  - Flutter (1.0.0)
  - vpn_detector (1.1.0):
    - Flutter

DEPENDENCIES:
  - Flutter (from `Flutter`)
  - vpn_detector (from `.symlinks/plugins/vpn_detector/ios`)

EXTERNAL SOURCES:
  Flutter:
    :path: Flutter
  vpn_detector:
    :path: ".symlinks/plugins/vpn_detector/ios"

SPEC CHECKSUMS:
  Flutter: e0871f40cf51350855a761d2e70bf5af5b9b5de7
  vpn_detector: 24f7c7155ced8572fe86239a3832a23b7eb14dfa

PODFILE CHECKSUM: f3734cf2c64ab93db34ebd0461528389a119c1e8

COCOAPODS: 1.16.2
